
Microsoft Visual Studio Solution File, Format Version 12.00
# Visual Studio Version 17
VisualStudioVersion = 17.0.31903.59
MinimumVisualStudioVersion = 10.0.40219.1
Project("{FAE04EC0-301F-11D3-BF4B-00C04F79EFBC}") = "InstallerSample", "InstallerSample\InstallerSample.csproj", "{93DF2179-D926-4391-8EC9-4C929E38A65E}"
EndProject
Global
	GlobalSection(SolutionConfigurationPlatforms) = preSolution
		Debug|Any CPU = Debug|Any CPU
		Release|Any CPU = Release|Any CPU
	EndGlobalSection
	GlobalSection(SolutionProperties) = preSolution
		HideSolutionNode = FALSE
	EndGlobalSection
	GlobalSection(ProjectConfigurationPlatforms) = postSolution
		{93DF2179-D926-4391-8EC9-4C929E38A65E}.Debug|Any CPU.ActiveCfg = Debug|Any CPU
		{93DF2179-D926-4391-8EC9-4C929E38A65E}.Debug|Any CPU.Build.0 = Debug|Any CPU
		{93DF2179-D926-4391-8EC9-4C929E38A65E}.Release|Any CPU.ActiveCfg = Release|Any CPU
		{93DF2179-D926-4391-8EC9-4C929E38A65E}.Release|Any CPU.Build.0 = Release|Any CPU
	EndGlobalSection
EndGlobal
